
Microsoft Visual Studio Solution File, Format Version 12.00
# Visual Studio 15
Project("{FAE04EC0-301F-11D3-BF4B-00C04F79EFBC}") = "Assembly-CSharp", "Assembly-CSharp.csproj", "{F68612D6-1F7C-AE3B-3E33-33496ED49893}"
EndProject
Project("{FAE04EC0-301F-11D3-BF4B-00C04F79EFBC}") = "Assembly-CSharp-Editor", "Assembly-CSharp-Editor.csproj", "{E74B6F4B-BE97-3461-993E-6AC480026477}"
EndProject
Global
	GlobalSection(SolutionConfigurationPlatforms) = preSolution
		Debug|Any CPU = Debug|Any CPU
		Release|Any CPU = Release|Any CPU
	EndGlobalSection
	GlobalSection(ProjectConfigurationPlatforms) = postSolution
		{F68612D6-1F7C-AE3B-3E33-33496ED49893}.Debug|Any CPU.ActiveCfg = Debug|Any CPU
		{F68612D6-1F7C-AE3B-3E33-33496ED49893}.Debug|Any CPU.Build.0 = Debug|Any CPU
		{F68612D6-1F7C-AE3B-3E33-33496ED49893}.Release|Any CPU.ActiveCfg = Release|Any CPU
		{F68612D6-1F7C-AE3B-3E33-33496ED49893}.Release|Any CPU.Build.0 = Release|Any CPU
		{E74B6F4B-BE97-3461-993E-6AC480026477}.Debug|Any CPU.ActiveCfg = Debug|Any CPU
		{E74B6F4B-BE97-3461-993E-6AC480026477}.Debug|Any CPU.Build.0 = Debug|Any CPU
		{E74B6F4B-BE97-3461-993E-6AC480026477}.Release|Any CPU.ActiveCfg = Release|Any CPU
		{E74B6F4B-BE97-3461-993E-6AC480026477}.Release|Any CPU.Build.0 = Release|Any CPU
	EndGlobalSection
	GlobalSection(SolutionProperties) = preSolution
		HideSolutionNode = FALSE
	EndGlobalSection
EndGlobal
